
Microsoft Visual Studio Solution File, Format Version 12.00
# Visual Studio Version 17
VisualStudioVersion = 17.14.37111.16 d17.14
MinimumVisualStudioVersion = 10.0.40219.1
Project("{FAE04EC0-301F-11D3-BF4B-00C04F79EFBC}") = "WAVPlayer", "WAVPlayer\WAVPlayer.csproj", "{4BE47BE6-1F6E-46DC-89E7-96C04D61BF78}"
EndProject
Global
	GlobalSection(SolutionConfigurationPlatforms) = preSolution
		Debug|Any CPU = Debug|Any CPU
		Release|Any CPU = Release|Any CPU
	EndGlobalSection
	GlobalSection(ProjectConfigurationPlatforms) = postSolution
		{4BE47BE6-1F6E-46DC-89E7-96C04D61BF78}.Debug|Any CPU.ActiveCfg = Debug|Any CPU
		{4BE47BE6-1F6E-46DC-89E7-96C04D61BF78}.Debug|Any CPU.Build.0 = Debug|Any CPU
		{4BE47BE6-1F6E-46DC-89E7-96C04D61BF78}.Release|Any CPU.ActiveCfg = Release|Any CPU
		{4BE47BE6-1F6E-46DC-89E7-96C04D61BF78}.Release|Any CPU.Build.0 = Release|Any CPU
	EndGlobalSection
	GlobalSection(SolutionProperties) = preSolution
		HideSolutionNode = FALSE
	EndGlobalSection
	GlobalSection(ExtensibilityGlobals) = postSolution
		SolutionGuid = {59EC4942-93CF-4F48-874D-94C6A8C954D5}
	EndGlobalSection
EndGlobal
